
Microsoft Visual Studio Solution File, Format Version 12.00
# Visual Studio Version 16
VisualStudioVersion = 16.0.30406.217
MinimumVisualStudioVersion = 10.0.40219.1
Project("{FAE04EC0-301F-11D3-BF4B-00C04F79EFBC}") = "e-Commerce.API", "e-Commerce.API\e-Commerce.API.csproj", "{945B648D-B327-44F3-BD67-3E632CDBD3D5}"
EndProject
Project("{FAE04EC0-301F-11D3-BF4B-00C04F79EFBC}") = "e-Commerce.API.Data", "e-Commerce.API.Data\e-Commerce.API.Data.csproj", "{51579E90-D274-48A7-AAEC-AF0884975BA5}"
EndProject
Project("{FAE04EC0-301F-11D3-BF4B-00C04F79EFBC}") = "e-Commerce.API.Business", "e-Commerce.API.Business\e-Commerce.API.Business.csproj", "{EC1BABD4-7B55-4353-91C4-BFA18736BF48}"
EndProject
Global
	GlobalSection(SolutionConfigurationPlatforms) = preSolution
		Debug|Any CPU = Debug|Any CPU
		Release|Any CPU = Release|Any CPU
	EndGlobalSection
	GlobalSection(ProjectConfigurationPlatforms) = postSolution
		{945B648D-B327-44F3-BD67-3E632CDBD3D5}.Debug|Any CPU.ActiveCfg = Debug|Any CPU
		{945B648D-B327-44F3-BD67-3E632CDBD3D5}.Debug|Any CPU.Build.0 = Debug|Any CPU
		{945B648D-B327-44F3-BD67-3E632CDBD3D5}.Release|Any CPU.ActiveCfg = Release|Any CPU
		{945B648D-B327-44F3-BD67-3E632CDBD3D5}.Release|Any CPU.Build.0 = Release|Any CPU
		{51579E90-D274-48A7-AAEC-AF0884975BA5}.Debug|Any CPU.ActiveCfg = Debug|Any CPU
		{51579E90-D274-48A7-AAEC-AF0884975BA5}.Debug|Any CPU.Build.0 = Debug|Any CPU
		{51579E90-D274-48A7-AAEC-AF0884975BA5}.Release|Any CPU.ActiveCfg = Release|Any CPU
		{51579E90-D274-48A7-AAEC-AF0884975BA5}.Release|Any CPU.Build.0 = Release|Any CPU
		{EC1BABD4-7B55-4353-91C4-BFA18736BF48}.Debug|Any CPU.ActiveCfg = Debug|Any CPU
		{EC1BABD4-7B55-4353-91C4-BFA18736BF48}.Debug|Any CPU.Build.0 = Debug|Any CPU
		{EC1BABD4-7B55-4353-91C4-BFA18736BF48}.Release|Any CPU.ActiveCfg = Release|Any CPU
		{EC1BABD4-7B55-4353-91C4-BFA18736BF48}.Release|Any CPU.Build.0 = Release|Any CPU
	EndGlobalSection
	GlobalSection(SolutionProperties) = preSolution
		HideSolutionNode = FALSE
	EndGlobalSection
	GlobalSection(ExtensibilityGlobals) = postSolution
		SolutionGuid = {A0F679DB-B97A-426F-B733-1E81DBF62CAF}
	EndGlobalSection
EndGlobal
